
Microsoft Visual Studio Solution File, Format Version 12.00
# Visual Studio Version 17
VisualStudioVersion = 17.9.34723.18
MinimumVisualStudioVersion = 10.0.40219.1
Project("{9A19103F-16F7-4668-BE54-9A1E7A4F7556}") = "Program", "Program.csproj", "{C5148717-DB75-42A2-9A3F-77734ED422DF}"
EndProject
Project("{9A19103F-16F7-4668-BE54-9A1E7A4F7556}") = "Class1th(Variable)", "..\Class1th(Variable)\Class1th(Variable).csproj", "{3F0F1B0A-9AEC-4A8A-9AC0-FBE78E6D9C17}"
EndProject
Project("{9A19103F-16F7-4668-BE54-9A1E7A4F7556}") = "Class2th(Bit)", "..\Class2th(Bit)\Class2th(Bit).csproj", "{05EA0F2E-E250-4F2F-95D9-6116A867DA1A}"
EndProject
Project("{9A19103F-16F7-4668-BE54-9A1E7A4F7556}") = "Class3th (Conditional Statement)", "..\Class3th (Conditional Statement)\Class3th (Conditional Statement).csproj", "{CA41E415-E624-4C57-92D1-06CB7C0683B5}"
EndProject
Project("{9A19103F-16F7-4668-BE54-9A1E7A4F7556}") = "Class4th (Iteration Statement)", "..\Class4th (Iteration Statement)\Class4th (Iteration Statement).csproj", "{E3632460-DFA6-46B6-80DF-DA396DF0D21A}"
EndProject
Project("{9A19103F-16F7-4668-BE54-9A1E7A4F7556}") = "Class5th (Arrangement)", "..\Class5th (Arrangement)\Class5th (Arrangement).csproj", "{F637A864-35CD-47E0-B1B3-42867B1D450D}"
EndProject
Project("{FAE04EC0-301F-11D3-BF4B-00C04F79EFBC}") = "Class6th (Function)", "..\Class6th (Function)\Class6th (Function).csproj", "{F3673525-1737-4A81-BF4C-6D345D2A0040}"
EndProject
Global
	GlobalSection(SolutionConfigurationPlatforms) = preSolution
		Debug|Any CPU = Debug|Any CPU
		Release|Any CPU = Release|Any CPU
	EndGlobalSection
	GlobalSection(ProjectConfigurationPlatforms) = postSolution
		{C5148717-DB75-42A2-9A3F-77734ED422DF}.Debug|Any CPU.ActiveCfg = Debug|Any CPU
		{C5148717-DB75-42A2-9A3F-77734ED422DF}.Debug|Any CPU.Build.0 = Debug|Any CPU
		{C5148717-DB75-42A2-9A3F-77734ED422DF}.Release|Any CPU.ActiveCfg = Release|Any CPU
		{C5148717-DB75-42A2-9A3F-77734ED422DF}.Release|Any CPU.Build.0 = Release|Any CPU
		{3F0F1B0A-9AEC-4A8A-9AC0-FBE78E6D9C17}.Debug|Any CPU.ActiveCfg = Debug|Any CPU
		{3F0F1B0A-9AEC-4A8A-9AC0-FBE78E6D9C17}.Debug|Any CPU.Build.0 = Debug|Any CPU
		{3F0F1B0A-9AEC-4A8A-9AC0-FBE78E6D9C17}.Release|Any CPU.ActiveCfg = Release|Any CPU
		{3F0F1B0A-9AEC-4A8A-9AC0-FBE78E6D9C17}.Release|Any CPU.Build.0 = Release|Any CPU
		{05EA0F2E-E250-4F2F-95D9-6116A867DA1A}.Debug|Any CPU.ActiveCfg = Debug|Any CPU
		{05EA0F2E-E250-4F2F-95D9-6116A867DA1A}.Debug|Any CPU.Build.0 = Debug|Any CPU
		{05EA0F2E-E250-4F2F-95D9-6116A867DA1A}.Release|Any CPU.ActiveCfg = Release|Any CPU
		{05EA0F2E-E250-4F2F-95D9-6116A867DA1A}.Release|Any CPU.Build.0 = Release|Any CPU
		{CA41E415-E624-4C57-92D1-06CB7C0683B5}.Debug|Any CPU.ActiveCfg = Debug|Any CPU
		{CA41E415-E624-4C57-92D1-06CB7C0683B5}.Debug|Any CPU.Build.0 = Debug|Any CPU
		{CA41E415-E624-4C57-92D1-06CB7C0683B5}.Release|Any CPU.ActiveCfg = Release|Any CPU
		{CA41E415-E624-4C57-92D1-06CB7C0683B5}.Release|Any CPU.Build.0 = Release|Any CPU
		{E3632460-DFA6-46B6-80DF-DA396DF0D21A}.Debug|Any CPU.ActiveCfg = Debug|Any CPU
		{E3632460-DFA6-46B6-80DF-DA396DF0D21A}.Debug|Any CPU.Build.0 = Debug|Any CPU
		{E3632460-DFA6-46B6-80DF-DA396DF0D21A}.Release|Any CPU.ActiveCfg = Release|Any CPU
		{E3632460-DFA6-46B6-80DF-DA396DF0D21A}.Release|Any CPU.Build.0 = Release|Any CPU
		{F637A864-35CD-47E0-B1B3-42867B1D450D}.Debug|Any CPU.ActiveCfg = Debug|Any CPU
		{F637A864-35CD-47E0-B1B3-42867B1D450D}.Debug|Any CPU.Build.0 = Debug|Any CPU
		{F637A864-35CD-47E0-B1B3-42867B1D450D}.Release|Any CPU.ActiveCfg = Release|Any CPU
		{F637A864-35CD-47E0-B1B3-42867B1D450D}.Release|Any CPU.Build.0 = Release|Any CPU
		{F3673525-1737-4A81-BF4C-6D345D2A0040}.Debug|Any CPU.ActiveCfg = Debug|Any CPU
		{F3673525-1737-4A81-BF4C-6D345D2A0040}.Debug|Any CPU.Build.0 = Debug|Any CPU
		{F3673525-1737-4A81-BF4C-6D345D2A0040}.Release|Any CPU.ActiveCfg = Release|Any CPU
		{F3673525-1737-4A81-BF4C-6D345D2A0040}.Release|Any CPU.Build.0 = Release|Any CPU
	EndGlobalSection
	GlobalSection(SolutionProperties) = preSolution
		HideSolutionNode = FALSE
	EndGlobalSection
	GlobalSection(ExtensibilityGlobals) = postSolution
		SolutionGuid = {26999E9C-DB2C-40C0-B907-C29AE2361E7E}
	EndGlobalSection
EndGlobal
